<Solution>
  <Folder Name="/src/">
    <Project Path="src/ECService.Application/ECService.Application.csproj" />
    <Project Path="src/ECService.Domain/ECService.Domain.csproj" />
    <Project Path="src/ECService.Infrastructure/ECService.Infrastructure.csproj" />
    <Project Path="src/ECService.Presentation/ECService.Presentation.csproj" />
  </Folder>
  <Folder Name="/tests/" />
</Solution>
